# This file is automatically @generated by Cargo.
# It is not intended for manual editing.
version = 4

[[package]]
name = "belajar-rust-crate"
version = "0.1.0"
dependencies = [
 "say-hello-lukas",
]

[[package]]
name = "say-hello-lukas"
version = "0.1.0"
source = "registry+https://github.com/rust-lang/crates.io-index"
checksum = "c220e31071b9fd8dd43cd1c6a9527e544a4fc8a34a6d37b7f008d40279c0dd9f"
